
Microsoft Visual Studio Solution File, Format Version 12.00
# Visual Studio 15
VisualStudioVersion = 15.0.26228.10
MinimumVisualStudioVersion = 10.0.40219.1
Project("{FAE04EC0-301F-11D3-BF4B-00C04F79EFBC}") = "ConsoleApp2", "ConsoleApp2\ConsoleApp2.csproj", "{584E8495-0668-4D02-B665-464705503206}"
EndProject
Project("{FAE04EC0-301F-11D3-BF4B-00C04F79EFBC}") = "WebApplication1", "WebApplication1\WebApplication1.csproj", "{A1C3565C-6156-4C2E-907A-4AA52B5533F4}"
EndProject
Project("{FAE04EC0-301F-11D3-BF4B-00C04F79EFBC}") = "WebTest", "WebTest\WebTest.csproj", "{7440E6A5-D6CC-4F10-BD37-6B523BA56AE3}"
EndProject
Global
	GlobalSection(SolutionConfigurationPlatforms) = preSolution
		Debug|Any CPU = Debug|Any CPU
		Release|Any CPU = Release|Any CPU
	EndGlobalSection
	GlobalSection(ProjectConfigurationPlatforms) = postSolution
		{584E8495-0668-4D02-B665-464705503206}.Debug|Any CPU.ActiveCfg = Debug|Any CPU
		{584E8495-0668-4D02-B665-464705503206}.Debug|Any CPU.Build.0 = Debug|Any CPU
		{584E8495-0668-4D02-B665-464705503206}.Release|Any CPU.ActiveCfg = Release|Any CPU
		{584E8495-0668-4D02-B665-464705503206}.Release|Any CPU.Build.0 = Release|Any CPU
		{A1C3565C-6156-4C2E-907A-4AA52B5533F4}.Debug|Any CPU.ActiveCfg = Debug|Any CPU
		{A1C3565C-6156-4C2E-907A-4AA52B5533F4}.Debug|Any CPU.Build.0 = Debug|Any CPU
		{A1C3565C-6156-4C2E-907A-4AA52B5533F4}.Release|Any CPU.ActiveCfg = Release|Any CPU
		{A1C3565C-6156-4C2E-907A-4AA52B5533F4}.Release|Any CPU.Build.0 = Release|Any CPU
		{7440E6A5-D6CC-4F10-BD37-6B523BA56AE3}.Debug|Any CPU.ActiveCfg = Debug|Any CPU
		{7440E6A5-D6CC-4F10-BD37-6B523BA56AE3}.Debug|Any CPU.Build.0 = Debug|Any CPU
		{7440E6A5-D6CC-4F10-BD37-6B523BA56AE3}.Release|Any CPU.ActiveCfg = Release|Any CPU
		{7440E6A5-D6CC-4F10-BD37-6B523BA56AE3}.Release|Any CPU.Build.0 = Release|Any CPU
	EndGlobalSection
	GlobalSection(SolutionProperties) = preSolution
		HideSolutionNode = FALSE
	EndGlobalSection
	GlobalSection(ExtensibilityGlobals) = postSolution
		SolutionGuid = {65E79072-25FB-4746-8DDE-792870D88F6F}
	EndGlobalSection
EndGlobal
