Microsoft Visual Studio Solution File, Format Version 12.00
# Visual Studio 15
VisualStudioVersion = 15.0.28307.106
MinimumVisualStudioVersion = 10.0.40219.1
Project("{E24C65DC-7377-472B-9ABA-BC803B73C61A}") = "WebService1", "http://localhost/data1/WebService1/WebService1.csproj", "{F7C68D1D-3A57-433F-88AE-9D7450737A42}"
EndProject
Global
	GlobalSection(SolutionConfigurationPlatforms) = preSolution
		Debug|Default = Debug|Default
		Release|Default = Release|Default
	EndGlobalSection
	GlobalSection(ProjectConfigurationPlatforms) = postSolution
		{F7C68D1D-3A57-433F-88AE-9D7450737A42}.Debug|Default.ActiveCfg = Debug|.NET
		{F7C68D1D-3A57-433F-88AE-9D7450737A42}.Debug|Default.Build.0 = Debug|.NET
		{F7C68D1D-3A57-433F-88AE-9D7450737A42}.Release|Default.ActiveCfg = Release|.NET
		{F7C68D1D-3A57-433F-88AE-9D7450737A42}.Release|Default.Build.0 = Release|.NET
	EndGlobalSection
	GlobalSection(SolutionProperties) = preSolution
		HideSolutionNode = FALSE
	EndGlobalSection
	GlobalSection(ExtensibilityGlobals) = postSolution
		SolutionGuid = {44265752-EDE5-495A-A8FD-3FCBD44D036A}
	EndGlobalSection
EndGlobal
