Microsoft Visual Studio Solution File, Format Version 12.00
# Visual Studio 15
VisualStudioVersion = 15.0.28307.106
MinimumVisualStudioVersion = 10.0.40219.1
Project("{E24C65DC-7377-472B-9ABA-BC803B73C61A}") = "html", "http://localhost/data1/html/html.csproj", "{526F278A-60AB-49C3-BB10-2EF62A0FC92D}"
EndProject
Global
	GlobalSection(SolutionConfigurationPlatforms) = preSolution
		Debug|Default = Debug|Default
		Release|Default = Release|Default
	EndGlobalSection
	GlobalSection(ProjectConfigurationPlatforms) = postSolution
		{526F278A-60AB-49C3-BB10-2EF62A0FC92D}.Debug|Default.ActiveCfg = Debug|.NET
		{526F278A-60AB-49C3-BB10-2EF62A0FC92D}.Debug|Default.Build.0 = Debug|.NET
		{526F278A-60AB-49C3-BB10-2EF62A0FC92D}.Release|Default.ActiveCfg = Release|.NET
		{526F278A-60AB-49C3-BB10-2EF62A0FC92D}.Release|Default.Build.0 = Release|.NET
	EndGlobalSection
	GlobalSection(SolutionProperties) = preSolution
		HideSolutionNode = FALSE
	EndGlobalSection
	GlobalSection(ExtensibilityGlobals) = postSolution
		SolutionGuid = {B4C9C0F9-5A55-45BB-BC5E-D7DA132D3C0A}
	EndGlobalSection
EndGlobal
